Microsoft Visual Studio Solution File, Format Version 12.00
# Visual Studio Version 17
VisualStudioVersion = 17.14.36109.1
MinimumVisualStudioVersion = 10.0.40219.1
Project("{2150E333-8FDC-42A3-9474-1A3956D46DE8}") = "Ecom.Core", "Ecom.Core", "{6A142BEA-257F-24C1-3A3A-C2F9F9501CD4}"
EndProject
Project("{2150E333-8FDC-42A3-9474-1A3956D46DE8}") = "src", "src", "{27B20C8C-2E22-0112-CB96-E58F553935F9}"
EndProject
Project("{2150E333-8FDC-42A3-9474-1A3956D46DE8}") = "test", "test", "{42611468-CD43-80CA-2E4A-678215EA8798}"
EndProject
Project("{2150E333-8FDC-42A3-9474-1A3956D46DE8}") = "Ecom.Users", "Ecom.Users", "{02EA681E-C7D8-13C7-8484-4AC65E1B71E8}"
EndProject
Project("{FAE04EC0-301F-11D3-BF4B-00C04F79EFBC}") = "Ecom.Users.API", "Ecom.Users\src\Ecom.Users.API\Ecom.Users.API.csproj", "{DCC4007C-CC51-05AF-05B9-0424BD07A1C7}"
EndProject
Project("{2150E333-8FDC-42A3-9474-1A3956D46DE8}") = "src", "src", "{591B8F20-70F7-4CC4-AAF3-CB7EB8E46DD9}"
EndProject
Project("{FAE04EC0-301F-11D3-BF4B-00C04F79EFBC}") = "Ecom.Users.Application", "Ecom.Users\src\Ecom.Users.Application\Ecom.Users.Application.csproj", "{AD02F605-418E-7299-2C3D-5B006BC588B9}"
EndProject
Project("{FAE04EC0-301F-11D3-BF4B-00C04F79EFBC}") = "Ecom.Users.Domain", "Ecom.Users\src\Ecom.Users.Domain\Ecom.Users.Domain.csproj", "{FCEB5EE8-001C-7D72-093A-FE5B46EB45CF}"
EndProject
Project("{FAE04EC0-301F-11D3-BF4B-00C04F79EFBC}") = "Ecom.Users.Infrastructure", "Ecom.Users\src\Ecom.Users.Infrastructure\Ecom.Users.Infrastructure.csproj", "{743C285B-40C9-32E5-FE59-4770341D84C8}"
EndProject
Project("{FAE04EC0-301F-11D3-BF4B-00C04F79EFBC}") = "Ecom.Users.Shared", "Ecom.Users\src\Ecom.Users.Shared\Ecom.Users.Shared.csproj", "{2F39892D-9F76-3B7D-A96C-8218245441EE}"
EndProject
Project("{2150E333-8FDC-42A3-9474-1A3956D46DE8}") = "test", "test", "{1A99E66C-13A1-48AE-80DE-435FA18CC48A}"
EndProject
Project("{FAE04EC0-301F-11D3-BF4B-00C04F79EFBC}") = "Ecom.Users.Application.UnitTests", "Ecom.Users\test\Ecom.Users.Application.UnitTests\Ecom.Users.Application.UnitTests.csproj", "{AAD2AD21-4A0C-BD26-51F3-2980A5A2C848}"
EndProject
Project("{FAE04EC0-301F-11D3-BF4B-00C04F79EFBC}") = "Ecom.Users.Domain.UnitTests", "Ecom.Users\test\Ecom.Users.Domain.UnitTests\Ecom.Users.Domain.UnitTests.csproj", "{AF8EF024-2B95-3A27-D3D6-38D9676B5012}"
EndProject
Project("{FAE04EC0-301F-11D3-BF4B-00C04F79EFBC}") = "Ecom.Users.Infrastructure.UnitTests", "Ecom.Users\test\Ecom.Users.Infrastructure.UnitTests\Ecom.Users.Infrastructure.UnitTests.csproj", "{FF46FD4F-0AFF-D2EE-C230-1E692BB0DD0F}"
EndProject
Project("{FAE04EC0-301F-11D3-BF4B-00C04F79EFBC}") = "Ecom.Core.Application", "Ecom.Core\src\Ecom.Core.Application\Ecom.Core.Application.csproj", "{DA822C59-5C2D-6272-F375-1893DA63F01C}"
EndProject
Project("{FAE04EC0-301F-11D3-BF4B-00C04F79EFBC}") = "Ecom.Core.Infrastructure", "Ecom.Core\src\Ecom.Core.Infrastructure\Ecom.Core.Infrastructure.csproj", "{B1321A44-451F-D332-2CBF-55CE0206ACCD}"
EndProject
Project("{FAE04EC0-301F-11D3-BF4B-00C04F79EFBC}") = "Ecom.Core.Shared", "Ecom.Core\src\Ecom.Core.Shared\Ecom.Core.Shared.csproj", "{277E567E-C0CB-D38F-726C-9BEBA27AAD86}"
EndProject
Project("{FAE04EC0-301F-11D3-BF4B-00C04F79EFBC}") = "Ecom.Core.API", "Ecom.Core\src\Ecom.Core.API\Ecom.Core.API.csproj", "{39EC4DE8-D4E3-1BB0-7D61-6D5B6AF25EB6}"
EndProject
Project("{FAE04EC0-301F-11D3-BF4B-00C04F79EFBC}") = "Ecom.Core.Domain", "Ecom.Core\src\Ecom.Core.Domain\Ecom.Core.Domain.csproj", "{BC0D32B2-ADAB-3E83-E841-B553D75F08CD}"
EndProject
Project("{2150E333-8FDC-42A3-9474-1A3956D46DE8}") = "Ecom.Gateway", "Ecom.Gateway", "{8B142BEA-257F-24C1-3A3A-C2F9F9501CD5}"
EndProject
Project("{2150E333-8FDC-42A3-9474-1A3956D46DE8}") = "src", "src", "{8C142BEA-257F-24C1-3A3A-C2F9F9501CD6}"
EndProject
Project("{FAE04EC0-301F-11D3-BF4B-00C04F79EFBC}") = "Ecom.Gateway.API", "Ecom.Gateway\src\Ecom.Gateway.API\Ecom.Gateway.API.csproj", "{8D142BEA-257F-24C1-3A3A-C2F9F9501CD7}"
EndProject
Project("{E53339B2-1760-4266-BCC7-CA923CBCF16C}") = "docker-compose", "docker-compose.dcproj", "{81DDED9D-158B-E303-5F62-77A2896D2A5A}"
EndProject
Global
	GlobalSection(SolutionConfigurationPlatforms) = preSolution
		Debug|Any CPU = Debug|Any CPU
		Debug|x64 = Debug|x64
		Debug|x86 = Debug|x86
		Release|Any CPU = Release|Any CPU
		Release|x64 = Release|x64
		Release|x86 = Release|x86
	EndGlobalSection
	GlobalSection(ProjectConfigurationPlatforms) = postSolution
		{DCC4007C-CC51-05AF-05B9-0424BD07A1C7}.Debug|Any CPU.ActiveCfg = Debug|Any CPU
		{DCC4007C-CC51-05AF-05B9-0424BD07A1C7}.Debug|Any CPU.Build.0 = Debug|Any CPU
		{DCC4007C-CC51-05AF-05B9-0424BD07A1C7}.Debug|x64.ActiveCfg = Debug|Any CPU
		{DCC4007C-CC51-05AF-05B9-0424BD07A1C7}.Debug|x64.Build.0 = Debug|Any CPU
		{DCC4007C-CC51-05AF-05B9-0424BD07A1C7}.Debug|x86.ActiveCfg = Debug|Any CPU
		{DCC4007C-CC51-05AF-05B9-0424BD07A1C7}.Debug|x86.Build.0 = Debug|Any CPU
		{DCC4007C-CC51-05AF-05B9-0424BD07A1C7}.Release|Any CPU.ActiveCfg = Release|Any CPU
		{DCC4007C-CC51-05AF-05B9-0424BD07A1C7}.Release|Any CPU.Build.0 = Release|Any CPU
		{DCC4007C-CC51-05AF-05B9-0424BD07A1C7}.Release|x64.ActiveCfg = Release|Any CPU
		{DCC4007C-CC51-05AF-05B9-0424BD07A1C7}.Release|x64.Build.0 = Release|Any CPU
		{DCC4007C-CC51-05AF-05B9-0424BD07A1C7}.Release|x86.ActiveCfg = Release|Any CPU
		{DCC4007C-CC51-05AF-05B9-0424BD07A1C7}.Release|x86.Build.0 = Release|Any CPU
		{AD02F605-418E-7299-2C3D-5B006BC588B9}.Debug|Any CPU.ActiveCfg = Debug|Any CPU
		{AD02F605-418E-7299-2C3D-5B006BC588B9}.Debug|Any CPU.Build.0 = Debug|Any CPU
		{AD02F605-418E-7299-2C3D-5B006BC588B9}.Debug|x64.ActiveCfg = Debug|Any CPU
		{AD02F605-418E-7299-2C3D-5B006BC588B9}.Debug|x64.Build.0 = Debug|Any CPU
		{AD02F605-418E-7299-2C3D-5B006BC588B9}.Debug|x86.ActiveCfg = Debug|Any CPU
		{AD02F605-418E-7299-2C3D-5B006BC588B9}.Debug|x86.Build.0 = Debug|Any CPU
		{AD02F605-418E-7299-2C3D-5B006BC588B9}.Release|Any CPU.ActiveCfg = Release|Any CPU
		{AD02F605-418E-7299-2C3D-5B006BC588B9}.Release|Any CPU.Build.0 = Release|Any CPU
		{AD02F605-418E-7299-2C3D-5B006BC588B9}.Release|x64.ActiveCfg = Release|Any CPU
		{AD02F605-418E-7299-2C3D-5B006BC588B9}.Release|x64.Build.0 = Release|Any CPU
		{AD02F605-418E-7299-2C3D-5B006BC588B9}.Release|x86.ActiveCfg = Release|Any CPU
		{AD02F605-418E-7299-2C3D-5B006BC588B9}.Release|x86.Build.0 = Release|Any CPU
		{FCEB5EE8-001C-7D72-093A-FE5B46EB45CF}.Debug|Any CPU.ActiveCfg = Debug|Any CPU
		{FCEB5EE8-001C-7D72-093A-FE5B46EB45CF}.Debug|Any CPU.Build.0 = Debug|Any CPU
		{FCEB5EE8-001C-7D72-093A-FE5B46EB45CF}.Debug|x64.ActiveCfg = Debug|Any CPU
		{FCEB5EE8-001C-7D72-093A-FE5B46EB45CF}.Debug|x64.Build.0 = Debug|Any CPU
		{FCEB5EE8-001C-7D72-093A-FE5B46EB45CF}.Debug|x86.ActiveCfg = Debug|Any CPU
		{FCEB5EE8-001C-7D72-093A-FE5B46EB45CF}.Debug|x86.Build.0 = Debug|Any CPU
		{FCEB5EE8-001C-7D72-093A-FE5B46EB45CF}.Release|Any CPU.ActiveCfg = Release|Any CPU
		{FCEB5EE8-001C-7D72-093A-FE5B46EB45CF}.Release|Any CPU.Build.0 = Release|Any CPU
		{FCEB5EE8-001C-7D72-093A-FE5B46EB45CF}.Release|x64.ActiveCfg = Release|Any CPU
		{FCEB5EE8-001C-7D72-093A-FE5B46EB45CF}.Release|x64.Build.0 = Release|Any CPU
		{FCEB5EE8-001C-7D72-093A-FE5B46EB45CF}.Release|x86.ActiveCfg = Release|Any CPU
		{FCEB5EE8-001C-7D72-093A-FE5B46EB45CF}.Release|x86.Build.0 = Release|Any CPU
		{743C285B-40C9-32E5-FE59-4770341D84C8}.Debug|Any CPU.ActiveCfg = Debug|Any CPU
		{743C285B-40C9-32E5-FE59-4770341D84C8}.Debug|Any CPU.Build.0 = Debug|Any CPU
		{743C285B-40C9-32E5-FE59-4770341D84C8}.Debug|x64.ActiveCfg = Debug|Any CPU
		{743C285B-40C9-32E5-FE59-4770341D84C8}.Debug|x64.Build.0 = Debug|Any CPU
		{743C285B-40C9-32E5-FE59-4770341D84C8}.Debug|x86.ActiveCfg = Debug|Any CPU
		{743C285B-40C9-32E5-FE59-4770341D84C8}.Debug|x86.Build.0 = Debug|Any CPU
		{743C285B-40C9-32E5-FE59-4770341D84C8}.Release|Any CPU.ActiveCfg = Release|Any CPU
		{743C285B-40C9-32E5-FE59-4770341D84C8}.Release|Any CPU.Build.0 = Release|Any CPU
		{743C285B-40C9-32E5-FE59-4770341D84C8}.Release|x64.ActiveCfg = Release|Any CPU
		{743C285B-40C9-32E5-FE59-4770341D84C8}.Release|x64.Build.0 = Release|Any CPU
		{743C285B-40C9-32E5-FE59-4770341D84C8}.Release|x86.ActiveCfg = Release|Any CPU
		{743C285B-40C9-32E5-FE59-4770341D84C8}.Release|x86.Build.0 = Release|Any CPU
		{2F39892D-9F76-3B7D-A96C-8218245441EE}.Debug|Any CPU.ActiveCfg = Debug|Any CPU
		{2F39892D-9F76-3B7D-A96C-8218245441EE}.Debug|Any CPU.Build.0 = Debug|Any CPU
		{2F39892D-9F76-3B7D-A96C-8218245441EE}.Debug|x64.ActiveCfg = Debug|Any CPU
		{2F39892D-9F76-3B7D-A96C-8218245441EE}.Debug|x64.Build.0 = Debug|Any CPU
		{2F39892D-9F76-3B7D-A96C-8218245441EE}.Debug|x86.ActiveCfg = Debug|Any CPU
		{2F39892D-9F76-3B7D-A96C-8218245441EE}.Debug|x86.Build.0 = Debug|Any CPU
		{2F39892D-9F76-3B7D-A96C-8218245441EE}.Release|Any CPU.ActiveCfg = Release|Any CPU
		{2F39892D-9F76-3B7D-A96C-8218245441EE}.Release|Any CPU.Build.0 = Release|Any CPU
		{2F39892D-9F76-3B7D-A96C-8218245441EE}.Release|x64.ActiveCfg = Release|Any CPU
		{2F39892D-9F76-3B7D-A96C-8218245441EE}.Release|x64.Build.0 = Release|Any CPU
		{2F39892D-9F76-3B7D-A96C-8218245441EE}.Release|x86.ActiveCfg = Release|Any CPU
		{2F39892D-9F76-3B7D-A96C-8218245441EE}.Release|x86.Build.0 = Release|Any CPU
		{AAD2AD21-4A0C-BD26-51F3-2980A5A2C848}.Debug|Any CPU.ActiveCfg = Debug|Any CPU
		{AAD2AD21-4A0C-BD26-51F3-2980A5A2C848}.Debug|Any CPU.Build.0 = Debug|Any CPU
		{AAD2AD21-4A0C-BD26-51F3-2980A5A2C848}.Debug|x64.ActiveCfg = Debug|Any CPU
		{AAD2AD21-4A0C-BD26-51F3-2980A5A2C848}.Debug|x64.Build.0 = Debug|Any CPU
		{AAD2AD21-4A0C-BD26-51F3-2980A5A2C848}.Debug|x86.ActiveCfg = Debug|Any CPU
		{AAD2AD21-4A0C-BD26-51F3-2980A5A2C848}.Debug|x86.Build.0 = Debug|Any CPU
		{AAD2AD21-4A0C-BD26-51F3-2980A5A2C848}.Release|Any CPU.ActiveCfg = Release|Any CPU
		{AAD2AD21-4A0C-BD26-51F3-2980A5A2C848}.Release|Any CPU.Build.0 = Release|Any CPU
		{AAD2AD21-4A0C-BD26-51F3-2980A5A2C848}.Release|x64.ActiveCfg = Release|Any CPU
		{AAD2AD21-4A0C-BD26-51F3-2980A5A2C848}.Release|x64.Build.0 = Release|Any CPU
		{AAD2AD21-4A0C-BD26-51F3-2980A5A2C848}.Release|x86.ActiveCfg = Release|Any CPU
		{AAD2AD21-4A0C-BD26-51F3-2980A5A2C848}.Release|x86.Build.0 = Release|Any CPU
		{AF8EF024-2B95-3A27-D3D6-38D9676B5012}.Debug|Any CPU.ActiveCfg = Debug|Any CPU
		{AF8EF024-2B95-3A27-D3D6-38D9676B5012}.Debug|Any CPU.Build.0 = Debug|Any CPU
		{AF8EF024-2B95-3A27-D3D6-38D9676B5012}.Debug|x64.ActiveCfg = Debug|Any CPU
		{AF8EF024-2B95-3A27-D3D6-38D9676B5012}.Debug|x64.Build.0 = Debug|Any CPU
		{AF8EF024-2B95-3A27-D3D6-38D9676B5012}.Debug|x86.ActiveCfg = Debug|Any CPU
		{AF8EF024-2B95-3A27-D3D6-38D9676B5012}.Debug|x86.Build.0 = Debug|Any CPU
		{AF8EF024-2B95-3A27-D3D6-38D9676B5012}.Release|Any CPU.ActiveCfg = Release|Any CPU
		{AF8EF024-2B95-3A27-D3D6-38D9676B5012}.Release|Any CPU.Build.0 = Release|Any CPU
		{AF8EF024-2B95-3A27-D3D6-38D9676B5012}.Release|x64.ActiveCfg = Release|Any CPU
		{AF8EF024-2B95-3A27-D3D6-38D9676B5012}.Release|x64.Build.0 = Release|Any CPU
		{AF8EF024-2B95-3A27-D3D6-38D9676B5012}.Release|x86.ActiveCfg = Release|Any CPU
		{AF8EF024-2B95-3A27-D3D6-38D9676B5012}.Release|x86.Build.0 = Release|Any CPU
		{FF46FD4F-0AFF-D2EE-C230-1E692BB0DD0F}.Debug|Any CPU.ActiveCfg = Debug|Any CPU
		{FF46FD4F-0AFF-D2EE-C230-1E692BB0DD0F}.Debug|Any CPU.Build.0 = Debug|Any CPU
		{FF46FD4F-0AFF-D2EE-C230-1E692BB0DD0F}.Debug|x64.ActiveCfg = Debug|Any CPU
		{FF46FD4F-0AFF-D2EE-C230-1E692BB0DD0F}.Debug|x64.Build.0 = Debug|Any CPU
		{FF46FD4F-0AFF-D2EE-C230-1E692BB0DD0F}.Debug|x86.ActiveCfg = Debug|Any CPU
		{FF46FD4F-0AFF-D2EE-C230-1E692BB0DD0F}.Debug|x86.Build.0 = Debug|Any CPU
		{FF46FD4F-0AFF-D2EE-C230-1E692BB0DD0F}.Release|Any CPU.ActiveCfg = Release|Any CPU
		{FF46FD4F-0AFF-D2EE-C230-1E692BB0DD0F}.Release|Any CPU.Build.0 = Release|Any CPU
		{FF46FD4F-0AFF-D2EE-C230-1E692BB0DD0F}.Release|x64.ActiveCfg = Release|Any CPU
		{FF46FD4F-0AFF-D2EE-C230-1E692BB0DD0F}.Release|x64.Build.0 = Release|Any CPU
		{FF46FD4F-0AFF-D2EE-C230-1E692BB0DD0F}.Release|x86.ActiveCfg = Release|Any CPU
		{FF46FD4F-0AFF-D2EE-C230-1E692BB0DD0F}.Release|x86.Build.0 = Release|Any CPU
		{DA822C59-5C2D-6272-F375-1893DA63F01C}.Debug|Any CPU.ActiveCfg = Debug|Any CPU
		{DA822C59-5C2D-6272-F375-1893DA63F01C}.Debug|Any CPU.Build.0 = Debug|Any CPU
		{DA822C59-5C2D-6272-F375-1893DA63F01C}.Debug|x64.ActiveCfg = Debug|Any CPU
		{DA822C59-5C2D-6272-F375-1893DA63F01C}.Debug|x64.Build.0 = Debug|Any CPU
		{DA822C59-5C2D-6272-F375-1893DA63F01C}.Debug|x86.ActiveCfg = Debug|Any CPU
		{DA822C59-5C2D-6272-F375-1893DA63F01C}.Debug|x86.Build.0 = Debug|Any CPU
		{DA822C59-5C2D-6272-F375-1893DA63F01C}.Release|Any CPU.ActiveCfg = Release|Any CPU
		{DA822C59-5C2D-6272-F375-1893DA63F01C}.Release|Any CPU.Build.0 = Release|Any CPU
		{DA822C59-5C2D-6272-F375-1893DA63F01C}.Release|x64.ActiveCfg = Release|Any CPU
		{DA822C59-5C2D-6272-F375-1893DA63F01C}.Release|x64.Build.0 = Release|Any CPU
		{DA822C59-5C2D-6272-F375-1893DA63F01C}.Release|x86.ActiveCfg = Release|Any CPU
		{DA822C59-5C2D-6272-F375-1893DA63F01C}.Release|x86.Build.0 = Release|Any CPU
		{B1321A44-451F-D332-2CBF-55CE0206ACCD}.Debug|Any CPU.ActiveCfg = Debug|Any CPU
		{B1321A44-451F-D332-2CBF-55CE0206ACCD}.Debug|Any CPU.Build.0 = Debug|Any CPU
		{B1321A44-451F-D332-2CBF-55CE0206ACCD}.Debug|x64.ActiveCfg = Debug|Any CPU
		{B1321A44-451F-D332-2CBF-55CE0206ACCD}.Debug|x64.Build.0 = Debug|Any CPU
		{B1321A44-451F-D332-2CBF-55CE0206ACCD}.Debug|x86.ActiveCfg = Debug|Any CPU
		{B1321A44-451F-D332-2CBF-55CE0206ACCD}.Debug|x86.Build.0 = Debug|Any CPU
		{B1321A44-451F-D332-2CBF-55CE0206ACCD}.Release|Any CPU.ActiveCfg = Release|Any CPU
		{B1321A44-451F-D332-2CBF-55CE0206ACCD}.Release|Any CPU.Build.0 = Release|Any CPU
		{B1321A44-451F-D332-2CBF-55CE0206ACCD}.Release|x64.ActiveCfg = Release|Any CPU
		{B1321A44-451F-D332-2CBF-55CE0206ACCD}.Release|x64.Build.0 = Release|Any CPU
		{B1321A44-451F-D332-2CBF-55CE0206ACCD}.Release|x86.ActiveCfg = Release|Any CPU
		{B1321A44-451F-D332-2CBF-55CE0206ACCD}.Release|x86.Build.0 = Release|Any CPU
		{277E567E-C0CB-D38F-726C-9BEBA27AAD86}.Debug|Any CPU.ActiveCfg = Debug|Any CPU
		{277E567E-C0CB-D38F-726C-9BEBA27AAD86}.Debug|Any CPU.Build.0 = Debug|Any CPU
		{277E567E-C0CB-D38F-726C-9BEBA27AAD86}.Debug|x64.ActiveCfg = Debug|Any CPU
		{277E567E-C0CB-D38F-726C-9BEBA27AAD86}.Debug|x64.Build.0 = Debug|Any CPU
		{277E567E-C0CB-D38F-726C-9BEBA27AAD86}.Debug|x86.ActiveCfg = Debug|Any CPU
		{277E567E-C0CB-D38F-726C-9BEBA27AAD86}.Debug|x86.Build.0 = Debug|Any CPU
		{277E567E-C0CB-D38F-726C-9BEBA27AAD86}.Release|Any CPU.ActiveCfg = Release|Any CPU
		{277E567E-C0CB-D38F-726C-9BEBA27AAD86}.Release|Any CPU.Build.0 = Release|Any CPU
		{277E567E-C0CB-D38F-726C-9BEBA27AAD86}.Release|x64.ActiveCfg = Release|Any CPU
		{277E567E-C0CB-D38F-726C-9BEBA27AAD86}.Release|x64.Build.0 = Release|Any CPU
		{277E567E-C0CB-D38F-726C-9BEBA27AAD86}.Release|x86.ActiveCfg = Release|Any CPU
		{277E567E-C0CB-D38F-726C-9BEBA27AAD86}.Release|x86.Build.0 = Release|Any CPU
		{39EC4DE8-D4E3-1BB0-7D61-6D5B6AF25EB6}.Debug|Any CPU.ActiveCfg = Debug|Any CPU
		{39EC4DE8-D4E3-1BB0-7D61-6D5B6AF25EB6}.Debug|Any CPU.Build.0 = Debug|Any CPU
		{39EC4DE8-D4E3-1BB0-7D61-6D5B6AF25EB6}.Debug|x64.ActiveCfg = Debug|Any CPU
		{39EC4DE8-D4E3-1BB0-7D61-6D5B6AF25EB6}.Debug|x64.Build.0 = Debug|Any CPU
		{39EC4DE8-D4E3-1BB0-7D61-6D5B6AF25EB6}.Debug|x86.ActiveCfg = Debug|Any CPU
		{39EC4DE8-D4E3-1BB0-7D61-6D5B6AF25EB6}.Debug|x86.Build.0 = Debug|Any CPU
		{39EC4DE8-D4E3-1BB0-7D61-6D5B6AF25EB6}.Release|Any CPU.ActiveCfg = Release|Any CPU
		{39EC4DE8-D4E3-1BB0-7D61-6D5B6AF25EB6}.Release|Any CPU.Build.0 = Release|Any CPU
		{39EC4DE8-D4E3-1BB0-7D61-6D5B6AF25EB6}.Release|x64.ActiveCfg = Release|Any CPU
		{39EC4DE8-D4E3-1BB0-7D61-6D5B6AF25EB6}.Release|x64.Build.0 = Release|Any CPU
		{39EC4DE8-D4E3-1BB0-7D61-6D5B6AF25EB6}.Release|x86.ActiveCfg = Release|Any CPU
		{39EC4DE8-D4E3-1BB0-7D61-6D5B6AF25EB6}.Release|x86.Build.0 = Release|Any CPU
		{BC0D32B2-ADAB-3E83-E841-B553D75F08CD}.Debug|Any CPU.ActiveCfg = Debug|Any CPU
		{BC0D32B2-ADAB-3E83-E841-B553D75F08CD}.Debug|Any CPU.Build.0 = Debug|Any CPU
		{BC0D32B2-ADAB-3E83-E841-B553D75F08CD}.Debug|x64.ActiveCfg = Debug|Any CPU
		{BC0D32B2-ADAB-3E83-E841-B553D75F08CD}.Debug|x64.Build.0 = Debug|Any CPU
		{BC0D32B2-ADAB-3E83-E841-B553D75F08CD}.Debug|x86.ActiveCfg = Debug|Any CPU
		{BC0D32B2-ADAB-3E83-E841-B553D75F08CD}.Debug|x86.Build.0 = Debug|Any CPU
		{BC0D32B2-ADAB-3E83-E841-B553D75F08CD}.Release|Any CPU.ActiveCfg = Release|Any CPU
		{BC0D32B2-ADAB-3E83-E841-B553D75F08CD}.Release|Any CPU.Build.0 = Release|Any CPU
		{BC0D32B2-ADAB-3E83-E841-B553D75F08CD}.Release|x64.ActiveCfg = Release|Any CPU
		{BC0D32B2-ADAB-3E83-E841-B553D75F08CD}.Release|x64.Build.0 = Release|Any CPU
		{BC0D32B2-ADAB-3E83-E841-B553D75F08CD}.Release|x86.ActiveCfg = Release|Any CPU
		{BC0D32B2-ADAB-3E83-E841-B553D75F08CD}.Release|x86.Build.0 = Release|Any CPU
		{8D142BEA-257F-24C1-3A3A-C2F9F9501CD7}.Debug|Any CPU.ActiveCfg = Debug|Any CPU
		{8D142BEA-257F-24C1-3A3A-C2F9F9501CD7}.Debug|Any CPU.Build.0 = Debug|Any CPU
		{8D142BEA-257F-24C1-3A3A-C2F9F9501CD7}.Debug|x64.ActiveCfg = Debug|Any CPU
		{8D142BEA-257F-24C1-3A3A-C2F9F9501CD7}.Debug|x64.Build.0 = Debug|Any CPU
		{8D142BEA-257F-24C1-3A3A-C2F9F9501CD7}.Debug|x86.ActiveCfg = Debug|Any CPU
		{8D142BEA-257F-24C1-3A3A-C2F9F9501CD7}.Debug|x86.Build.0 = Debug|Any CPU
		{8D142BEA-257F-24C1-3A3A-C2F9F9501CD7}.Release|Any CPU.ActiveCfg = Release|Any CPU
		{8D142BEA-257F-24C1-3A3A-C2F9F9501CD7}.Release|Any CPU.Build.0 = Release|Any CPU
		{8D142BEA-257F-24C1-3A3A-C2F9F9501CD7}.Release|x64.ActiveCfg = Release|Any CPU
		{8D142BEA-257F-24C1-3A3A-C2F9F9501CD7}.Release|x64.Build.0 = Release|Any CPU
		{8D142BEA-257F-24C1-3A3A-C2F9F9501CD7}.Release|x86.ActiveCfg = Release|Any CPU
		{8D142BEA-257F-24C1-3A3A-C2F9F9501CD7}.Release|x86.Build.0 = Release|Any CPU
		{81DDED9D-158B-E303-5F62-77A2896D2A5A}.Debug|Any CPU.ActiveCfg = Debug|Any CPU
		{81DDED9D-158B-E303-5F62-77A2896D2A5A}.Debug|Any CPU.Build.0 = Debug|Any CPU
		{81DDED9D-158B-E303-5F62-77A2896D2A5A}.Debug|x64.ActiveCfg = Debug|Any CPU
		{81DDED9D-158B-E303-5F62-77A2896D2A5A}.Debug|x64.Build.0 = Debug|Any CPU
		{81DDED9D-158B-E303-5F62-77A2896D2A5A}.Debug|x86.ActiveCfg = Debug|Any CPU
		{81DDED9D-158B-E303-5F62-77A2896D2A5A}.Debug|x86.Build.0 = Debug|Any CPU
		{81DDED9D-158B-E303-5F62-77A2896D2A5A}.Release|Any CPU.ActiveCfg = Release|Any CPU
		{81DDED9D-158B-E303-5F62-77A2896D2A5A}.Release|Any CPU.Build.0 = Release|Any CPU
		{81DDED9D-158B-E303-5F62-77A2896D2A5A}.Release|x64.ActiveCfg = Release|Any CPU
		{81DDED9D-158B-E303-5F62-77A2896D2A5A}.Release|x64.Build.0 = Release|Any CPU
		{81DDED9D-158B-E303-5F62-77A2896D2A5A}.Release|x86.ActiveCfg = Release|Any CPU
		{81DDED9D-158B-E303-5F62-77A2896D2A5A}.Release|x86.Build.0 = Release|Any CPU
	EndGlobalSection
	GlobalSection(SolutionProperties) = preSolution
		HideSolutionNode = FALSE
	EndGlobalSection
	GlobalSection(NestedProjects) = preSolution
		{27B20C8C-2E22-0112-CB96-E58F553935F9} = {6A142BEA-257F-24C1-3A3A-C2F9F9501CD4}
		{42611468-CD43-80CA-2E4A-678215EA8798} = {6A142BEA-257F-24C1-3A3A-C2F9F9501CD4}
		{DCC4007C-CC51-05AF-05B9-0424BD07A1C7} = {591B8F20-70F7-4CC4-AAF3-CB7EB8E46DD9}
		{591B8F20-70F7-4CC4-AAF3-CB7EB8E46DD9} = {02EA681E-C7D8-13C7-8484-4AC65E1B71E8}
		{AD02F605-418E-7299-2C3D-5B006BC588B9} = {591B8F20-70F7-4CC4-AAF3-CB7EB8E46DD9}
		{FCEB5EE8-001C-7D72-093A-FE5B46EB45CF} = {591B8F20-70F7-4CC4-AAF3-CB7EB8E46DD9}
		{743C285B-40C9-32E5-FE59-4770341D84C8} = {591B8F20-70F7-4CC4-AAF3-CB7EB8E46DD9}
		{2F39892D-9F76-3B7D-A96C-8218245441EE} = {591B8F20-70F7-4CC4-AAF3-CB7EB8E46DD9}
		{1A99E66C-13A1-48AE-80DE-435FA18CC48A} = {02EA681E-C7D8-13C7-8484-4AC65E1B71E8}
		{AAD2AD21-4A0C-BD26-51F3-2980A5A2C848} = {1A99E66C-13A1-48AE-80DE-435FA18CC48A}
		{AF8EF024-2B95-3A27-D3D6-38D9676B5012} = {1A99E66C-13A1-48AE-80DE-435FA18CC48A}
		{FF46FD4F-0AFF-D2EE-C230-1E692BB0DD0F} = {1A99E66C-13A1-48AE-80DE-435FA18CC48A}
		{DA822C59-5C2D-6272-F375-1893DA63F01C} = {27B20C8C-2E22-0112-CB96-E58F553935F9}
		{B1321A44-451F-D332-2CBF-55CE0206ACCD} = {27B20C8C-2E22-0112-CB96-E58F553935F9}
		{277E567E-C0CB-D38F-726C-9BEBA27AAD86} = {27B20C8C-2E22-0112-CB96-E58F553935F9}
		{39EC4DE8-D4E3-1BB0-7D61-6D5B6AF25EB6} = {27B20C8C-2E22-0112-CB96-E58F553935F9}
		{BC0D32B2-ADAB-3E83-E841-B553D75F08CD} = {27B20C8C-2E22-0112-CB96-E58F553935F9}
		{8C142BEA-257F-24C1-3A3A-C2F9F9501CD6} = {8B142BEA-257F-24C1-3A3A-C2F9F9501CD5}
		{8D142BEA-257F-24C1-3A3A-C2F9F9501CD7} = {8C142BEA-257F-24C1-3A3A-C2F9F9501CD6}
	EndGlobalSection
	GlobalSection(ExtensibilityGlobals) = postSolution
		SolutionGuid = {2D288987-F6C9-477E-BBBE-40E9466FFB1C}
	EndGlobalSection
EndGlobal
